
Microsoft Visual Studio Solution File, Format Version 12.00
# Visual Studio Version 17
VisualStudioVersion = 17.0.32112.339
MinimumVisualStudioVersion = 10.0.40219.1
Project("{FAE04EC0-301F-11D3-BF4B-00C04F79EFBC}") = "PhoSocial.API", "PhoSocial.API\PhoSocial.API.csproj", "{6E3F2783-CBA5-47BE-A9A8-0BC02DFC3052}"
EndProject
Global
	GlobalSection(SolutionConfigurationPlatforms) = preSolution
		Debug|Any CPU = Debug|Any CPU
		Release|Any CPU = Release|Any CPU
	EndGlobalSection
	GlobalSection(ProjectConfigurationPlatforms) = postSolution
		{6E3F2783-CBA5-47BE-A9A8-0BC02DFC3052}.Debug|Any CPU.ActiveCfg = Debug|Any CPU
		{6E3F2783-CBA5-47BE-A9A8-0BC02DFC3052}.Debug|Any CPU.Build.0 = Debug|Any CPU
		{6E3F2783-CBA5-47BE-A9A8-0BC02DFC3052}.Release|Any CPU.ActiveCfg = Release|Any CPU
		{6E3F2783-CBA5-47BE-A9A8-0BC02DFC3052}.Release|Any CPU.Build.0 = Release|Any CPU
	EndGlobalSection
	GlobalSection(SolutionProperties) = preSolution
		HideSolutionNode = FALSE
	EndGlobalSection
	GlobalSection(ExtensibilityGlobals) = postSolution
		SolutionGuid = {C6C7A62E-B035-417D-A50E-204427F586E5}
	EndGlobalSection
EndGlobal
